
Microsoft Visual Studio Solution File, Format Version 12.00
# Visual Studio 15
VisualStudioVersion = 15.0.27130.2026
MinimumVisualStudioVersion = 10.0.40219.1
Project("{FAE04EC0-301F-11D3-BF4B-00C04F79EFBC}") = "MusicPlayer", "MusicPlayer\MusicPlayer.csproj", "{70530C11-C550-4546-AB3F-E7B2D745F0F9}"
EndProject
Global
	GlobalSection(SolutionConfigurationPlatforms) = preSolution
		Debug|Any CPU = Debug|Any CPU
		Release|Any CPU = Release|Any CPU
	EndGlobalSection
	GlobalSection(ProjectConfigurationPlatforms) = postSolution
		{70530C11-C550-4546-AB3F-E7B2D745F0F9}.Debug|Any CPU.ActiveCfg = Debug|Any CPU
		{70530C11-C550-4546-AB3F-E7B2D745F0F9}.Debug|Any CPU.Build.0 = Debug|Any CPU
		{70530C11-C550-4546-AB3F-E7B2D745F0F9}.Release|Any CPU.ActiveCfg = Release|Any CPU
		{70530C11-C550-4546-AB3F-E7B2D745F0F9}.Release|Any CPU.Build.0 = Release|Any CPU
	EndGlobalSection
	GlobalSection(SolutionProperties) = preSolution
		HideSolutionNode = FALSE
	EndGlobalSection
	GlobalSection(ExtensibilityGlobals) = postSolution
		SolutionGuid = {16121F4B-CBC4-462E-A70B-0D64244E3971}
	EndGlobalSection
EndGlobal
